<?xml version="1.0" encoding="utf-8"?>
<Project ToolsVersion="4.0" xmlns="http://schemas.microsoft.com/developer/msbuild/2003">
  <ItemGroup>
    <Filter Include="Source Files">
      <UniqueIdentifier>{4FC737F1-C7A5-4376-A066-2A32D752A2FF}</UniqueIdentifier>
      <Extensions>cpp;c;cc;cxx;def;odl;idl;hpj;bat;asm;asmx</Extensions>
    </Filter>
    <Filter Include="Header Files">
      <UniqueIdentifier>{93995380-89BD-4b04-88EB-625FBE52EBFB}</UniqueIdentifier>
      <Extensions>h;hh;hpp;hxx;hm;inl;inc;ipp;xsd</Extensions>
    </Filter>
    <Filter Include="Resource Files">
      <UniqueIdentifier>{67DA6AB6-F800-4c08-8B7A-83BB121AAD01}</UniqueIdentifier>
      <Extensions>rc;ico;cur;bmp;dlg;rc2;rct;bin;rgs;gif;jpg;jpeg;jpe;resx;tiff;tif;png;wav;mfcribbon-ms</Extensions>
    </Filter>
    <Filter Include="Source Files\Graph">
      <UniqueIdentifier>{cca897b3-2f88-462e-a9ff-8688541e28ce}</UniqueIdentifier>
    </Filter>
    <Filter Include="Source Files\LukeDollar">
      <UniqueIdentifier>{ea38fd62-f441-4cb5-9d2c-f3f119f5e953}</UniqueIdentifier>
    </Filter>
    <Filter Include="Header Files\Graph">
      <UniqueIdentifier>{275cef66-1def-4335-88f6-0928881795ee}</UniqueIdentifier>
    </Filter>
    <Filter Include="Header Files\LukeDollar">
      <UniqueIdentifier>{361cf1fc-ddc8-44e4-bf6a-e4aaa83dc23f}</UniqueIdentifier>
    </Filter>
    <Filter Include="Source Files\Allegro">
      <UniqueIdentifier>{36f6b047-bcf3-4a88-854f-ce4543eb39aa}</UniqueIdentifier>
    </Filter>
    <Filter Include="Header Files\Allegro">
      <UniqueIdentifier>{b45987a3-4e4f-4a5e-aa19-a588e59f210a}</UniqueIdentifier>
    </Filter>
  </ItemGroup>
  <ItemGroup>
    <ClInclude Include="Node.h">
      <Filter>Header Files\Graph</Filter>
    </ClInclude>
    <ClInclude Include="Graph.h">
      <Filter>Header Files\Graph</Filter>
    </ClInclude>
    <ClInclude Include="Transaction.h">
      <Filter>Header Files\LukeDollar</Filter>
    </ClInclude>
    <ClInclude Include="Output.h">
      <Filter>Header Files\LukeDollar</Filter>
    </ClInclude>
    <ClInclude Include="Input.h">
      <Filter>Header Files\LukeDollar</Filter>
    </ClInclude>
    <ClInclude Include="Block.h">
      <Filter>Header Files\LukeDollar</Filter>
    </ClInclude>
    <ClInclude Include="Drawer.h">
      <Filter>Header Files</Filter>
    </ClInclude>
    <ClInclude Include="Allegro\AllegroAddons.h">
      <Filter>Header Files\Allegro</Filter>
    </ClInclude>
    <ClInclude Include="Allegro\AllegroClassV2.h">
      <Filter>Header Files\Allegro</Filter>
    </ClInclude>
    <ClInclude Include="Miner.h">
      <Filter>Header Files\Graph</Filter>
    </ClInclude>
    <ClInclude Include="FullService.h">
      <Filter>Header Files</Filter>
    </ClInclude>
  </ItemGroup>
  <ItemGroup>
    <ClCompile Include="Graph.cpp">
      <Filter>Source Files\Graph</Filter>
    </ClCompile>
    <ClCompile Include="Node.cpp">
      <Filter>Source Files\Graph</Filter>
    </ClCompile>
    <ClCompile Include="Block.cpp">
      <Filter>Source Files\LukeDollar</Filter>
    </ClCompile>
    <ClCompile Include="Input.cpp">
      <Filter>Source Files\LukeDollar</Filter>
    </ClCompile>
    <ClCompile Include="Output.cpp">
      <Filter>Source Files\LukeDollar</Filter>
    </ClCompile>
    <ClCompile Include="Transaction.cpp">
      <Filter>Source Files\LukeDollar</Filter>
    </ClCompile>
    <ClCompile Include="Main.cpp">
      <Filter>Source Files</Filter>
    </ClCompile>
    <ClCompile Include="Drawer.cpp">
      <Filter>Source Files</Filter>
    </ClCompile>
    <ClCompile Include="Allegro\AllegroClassV2.cpp">
      <Filter>Source Files\Allegro</Filter>
    </ClCompile>
    <ClCompile Include="Miner.cpp">
      <Filter>Source Files\Graph</Filter>
    </ClCompile>
    <ClCompile Include="FullService.cpp">
      <Filter>Source Files</Filter>
    </ClCompile>
  </ItemGroup>
  <ItemGroup>
    <None Include="packages.config" />
  </ItemGroup>
</Project>